# @generated - this file is auto-generated by `mise lock` https://mise.jdx.dev/dev-tools/mise-lock.html

lockfile_version = 1

[[tools."http:yarn"]]
version = "4.18.0"
backend = "http:yarn"
specifiers = ["4.18.0"]

[tools."http:yarn"."platforms.linux-arm64"]
checksum = "sha512:fcb8716fe7cd0eece141ffc18b92193a9df9204c1ba83189c288835223fc0bbe64af473bab0d5e9927a7daeb5caf2bb07eb2787cc9338ca040ea125f2a1f2f7e"
url = "https://repo.yarnpkg.com/4.18.0/packages/yarnpkg-cli/bin/yarn.js"

[tools."http:yarn"."platforms.linux-x64"]
checksum = "sha512:fcb8716fe7cd0eece141ffc18b92193a9df9204c1ba83189c288835223fc0bbe64af473bab0d5e9927a7daeb5caf2bb07eb2787cc9338ca040ea125f2a1f2f7e"
url = "https://repo.yarnpkg.com/4.18.0/packages/yarnpkg-cli/bin/yarn.js"

[tools."http:yarn"."platforms.macos-arm64"]
checksum = "sha512:fcb8716fe7cd0eece141ffc18b92193a9df9204c1ba83189c288835223fc0bbe64af473bab0d5e9927a7daeb5caf2bb07eb2787cc9338ca040ea125f2a1f2f7e"
url = "https://repo.yarnpkg.com/4.18.0/packages/yarnpkg-cli/bin/yarn.js"

[tools."http:yarn"."platforms.macos-x64"]
checksum = "sha512:fcb8716fe7cd0eece141ffc18b92193a9df9204c1ba83189c288835223fc0bbe64af473bab0d5e9927a7daeb5caf2bb07eb2787cc9338ca040ea125f2a1f2f7e"
url = "https://repo.yarnpkg.com/4.18.0/packages/yarnpkg-cli/bin/yarn.js"

[[tools.node]]
version = "24.19.0"
backend = "core:node"
specifiers = ["24.19.0"]

[tools.node."platforms.linux-arm64"]
checksum = "sha256:d28c8a5bf0a808f0ed434a1dce8c54ae98f0371c0bd86ac58abc613f73e6643f"
url = "https://nodejs.org/dist/v24.19.0/node-v24.19.0-linux-arm64.tar.gz"

[tools.node."platforms.linux-x64"]
checksum = "sha256:f625d97cd707df4ff96254916fbc5ff014f09c09effe5a1e0ca8f6d41a8789d4"
url = "https://nodejs.org/dist/v24.19.0/node-v24.19.0-linux-x64.tar.gz"

[tools.node."platforms.macos-arm64"]
checksum = "sha256:8294b7aa9b03997481c06babf1e8b270c859358f27da57a11509afe537ac381d"
url = "https://nodejs.org/dist/v24.19.0/node-v24.19.0-darwin-arm64.tar.gz"

[tools.node."platforms.macos-x64"]
checksum = "sha256:d1b5e999db158c62fe8f7267a4476b035d8bd93b1a605bac24a3f0dd166e3316"
url = "https://nodejs.org/dist/v24.19.0/node-v24.19.0-darwin-x64.tar.gz"
